
Microsoft Visual Studio Solution File, Format Version 12.00
# Visual Studio Version 17
VisualStudioVersion = 17.10.34928.147
MinimumVisualStudioVersion = 10.0.40219.1
Project("{9A19103F-16F7-4668-BE54-9A1E7A4F7556}") = "TranslatorApp", "TranslatorApp\TranslatorApp.csproj", "{3FAAF667-508C-413C-8E7E-E16A03357AC7}"
EndProject
Project("{E53339B2-1760-4266-BCC7-CA923CBCF16C}") = "docker-compose", "docker-compose.dcproj", "{5A7CC17C-3609-438E-AA28-A3BBC6F81251}"
EndProject
Project("{9A19103F-16F7-4668-BE54-9A1E7A4F7556}") = "TranslatorAppTests", "TranslatorAppTests\TranslatorAppTests.csproj", "{48F6EA9C-7E97-4F6A-8425-8992ABA95F29}"
EndProject
Global
	GlobalSection(SolutionConfigurationPlatforms) = preSolution
		Debug|Any CPU = Debug|Any CPU
		Release|Any CPU = Release|Any CPU
	EndGlobalSection
	GlobalSection(ProjectConfigurationPlatforms) = postSolution
		{3FAAF667-508C-413C-8E7E-E16A03357AC7}.Debug|Any CPU.ActiveCfg = Debug|Any CPU
		{3FAAF667-508C-413C-8E7E-E16A03357AC7}.Debug|Any CPU.Build.0 = Debug|Any CPU
		{3FAAF667-508C-413C-8E7E-E16A03357AC7}.Release|Any CPU.ActiveCfg = Release|Any CPU
		{3FAAF667-508C-413C-8E7E-E16A03357AC7}.Release|Any CPU.Build.0 = Release|Any CPU
		{5A7CC17C-3609-438E-AA28-A3BBC6F81251}.Debug|Any CPU.ActiveCfg = Debug|Any CPU
		{5A7CC17C-3609-438E-AA28-A3BBC6F81251}.Debug|Any CPU.Build.0 = Debug|Any CPU
		{5A7CC17C-3609-438E-AA28-A3BBC6F81251}.Release|Any CPU.ActiveCfg = Release|Any CPU
		{5A7CC17C-3609-438E-AA28-A3BBC6F81251}.Release|Any CPU.Build.0 = Release|Any CPU
		{48F6EA9C-7E97-4F6A-8425-8992ABA95F29}.Debug|Any CPU.ActiveCfg = Debug|Any CPU
		{48F6EA9C-7E97-4F6A-8425-8992ABA95F29}.Debug|Any CPU.Build.0 = Debug|Any CPU
		{48F6EA9C-7E97-4F6A-8425-8992ABA95F29}.Release|Any CPU.ActiveCfg = Release|Any CPU
		{48F6EA9C-7E97-4F6A-8425-8992ABA95F29}.Release|Any CPU.Build.0 = Release|Any CPU
	EndGlobalSection
	GlobalSection(SolutionProperties) = preSolution
		HideSolutionNode = FALSE
	EndGlobalSection
	GlobalSection(ExtensibilityGlobals) = postSolution
		SolutionGuid = {75C849A4-0977-492A-BA5A-63E728350C11}
	EndGlobalSection
EndGlobal
